
Microsoft Visual Studio Solution File, Format Version 12.00
# Visual Studio 2012
Project("{FAE04EC0-301F-11D3-BF4B-00C04F79EFBC}") = "FACCTS", "FACCTS\FACCTS.csproj", "{489B3A29-10B8-4A78-977C-8B78BCC21B2B}"
EndProject
Project("{2150E333-8FDC-42A3-9474-1A3956D46DE8}") = "Server", "Server", "{2A35A32C-88CC-4F41-9D70-691F0BB1B1C0}"
EndProject
Project("{FAE04EC0-301F-11D3-BF4B-00C04F79EFBC}") = "FACCTS.Server.Tests", "FACCTS.Server.Tests\FACCTS.Server.Tests.csproj", "{995A2FD2-4F0B-45B7-A98D-971924B8F128}"
EndProject
Project("{FAE04EC0-301F-11D3-BF4B-00C04F79EFBC}") = "FACCTS.Services", "FACCTS.Services\FACCTS.Services.csproj", "{9FE3A083-8EED-43A9-A234-3A28ECEEBE16}"
EndProject
Project("{FAE04EC0-301F-11D3-BF4B-00C04F79EFBC}") = "FACCTS.Controls", "FACCTS.Controls\FACCTS.Controls.csproj", "{DC7BAC51-E892-43EB-A29B-8B1BF9AE0AAE}"
EndProject
Project("{2150E333-8FDC-42A3-9474-1A3956D46DE8}") = "Dependencies", "Dependencies", "{3B38B188-9D94-4E91-BBD2-C5DFACB9B319}"
EndProject
Project("{FAE04EC0-301F-11D3-BF4B-00C04F79EFBC}") = "Caliburn.Micro.ReactiveUI", "ReactiveUI\Caliburn.Micro.ReactiveUI.csproj", "{39E149C2-0DE8-4E53-B0C3-A48CCE826584}"
EndProject
Project("{FAE04EC0-301F-11D3-BF4B-00C04F79EFBC}") = "FACCTS.Server.Model", "FACCTS.Server.Model\FACCTS.Server.Model.csproj", "{5A675CBB-2774-4FDE-A8C6-40AA46F4FA3F}"
EndProject
Project("{FAE04EC0-301F-11D3-BF4B-00C04F79EFBC}") = "FACCTS.Server", "FACCTS.Server\FACCTS.Server.csproj", "{D304C7F3-B619-4BA8-AF79-A6C77C6BE97C}"
EndProject
Project("{FAE04EC0-301F-11D3-BF4B-00C04F79EFBC}") = "FACCTS.Server.Common", "FACCTS.Server.Common\FACCTS.Server.Common.csproj", "{FF6F3BE2-F68C-492D-BADA-E0E4C9524D53}"
EndProject
Project("{FAE04EC0-301F-11D3-BF4B-00C04F79EFBC}") = "FACCTS.Server.Data", "FACCTS.Server.Services\FACCTS.Server.Data.csproj", "{28230005-EF1C-40FE-B7CF-D0850E920280}"
EndProject
Project("{2150E333-8FDC-42A3-9474-1A3956D46DE8}") = "DevConfiguration", "DevConfiguration", "{D7F7EF57-5EBB-4842-A320-BEE7AE631B9C}"
EndProject
Project("{FAE04EC0-301F-11D3-BF4B-00C04F79EFBC}") = "DatabaseDeploy", "DatabaseDeploy\DatabaseDeploy.csproj", "{0F447B42-A179-4004-AE84-049698F21146}"
EndProject
Project("{FAE04EC0-301F-11D3-BF4B-00C04F79EFBC}") = "FACCTS.Server.DataContracts", "FACCTS.Server.dataContracts\FACCTS.Server.DataContracts.csproj", "{D5E0D9F2-0C8F-40E0-BE66-8D33EC1DFC97}"
EndProject
Project("{FAE04EC0-301F-11D3-BF4B-00C04F79EFBC}") = "Thinktecture.IdentityModel.45", "IdentityModel\Thinktecture.IdentityModel\Thinktecture.IdentityModel.45.csproj", "{AC9A74DF-4AAB-43C8-B0ED-B7602721E545}"
EndProject
Project("{FAE04EC0-301F-11D3-BF4B-00C04F79EFBC}") = "Thinktecture.IdentityServer.Core", "Thinktecture.IdentityServer.Core\Thinktecture.IdentityServer.Core.csproj", "{38CE5C59-909E-4DA6-8E1D-7EEE7312CA9A}"
EndProject
Project("{FAE04EC0-301F-11D3-BF4B-00C04F79EFBC}") = "Thinktecture.IdentityServer.Protocols", "Thinktecture.IdentityServer.Protocols\Thinktecture.IdentityServer.Protocols.csproj", "{C129C90C-774C-47D7-A19E-57B31C87AE18}"
EndProject
Project("{FAE04EC0-301F-11D3-BF4B-00C04F79EFBC}") = "FACCTS.Server.Integration", "FACCTS.Server.Integration\FACCTS.Server.Integration.csproj", "{1E5971A8-1083-4FA4-A7F8-C64AF6DA4196}"
EndProject
Project("{FAE04EC0-301F-11D3-BF4B-00C04F79EFBC}") = "FACCTS.WindowsService", "FACCTS.WindowsService\FACCTS.WindowsService.csproj", "{DACBE331-C6CF-42A7-BB51-3826AA832D83}"
EndProject
Project("{FAE04EC0-301F-11D3-BF4B-00C04F79EFBC}") = "Faccts.Model", "Faccts.Model\Faccts.Model.csproj", "{90761585-4755-4E44-B9D2-739ADA889311}"
EndProject
Project("{FAE04EC0-301F-11D3-BF4B-00C04F79EFBC}") = "FACCTS.WCFService", "FACCTS.WCFService\FACCTS.WCFService.csproj", "{15B3E0D2-6217-493A-A690-158C497F5318}"
EndProject
Global
	GlobalSection(SolutionConfigurationPlatforms) = preSolution
		Analysis (Debug)|Any CPU = Analysis (Debug)|Any CPU
		Debug and Contracts|Any CPU = Debug and Contracts|Any CPU
		Debug|Any CPU = Debug|Any CPU
		Release|Any CPU = Release|Any CPU
	EndGlobalSection
	GlobalSection(ProjectConfigurationPlatforms) = postSolution
		{489B3A29-10B8-4A78-977C-8B78BCC21B2B}.Analysis (Debug)|Any CPU.ActiveCfg = Debug|Any CPU
		{489B3A29-10B8-4A78-977C-8B78BCC21B2B}.Analysis (Debug)|Any CPU.Build.0 = Debug|Any CPU
		{489B3A29-10B8-4A78-977C-8B78BCC21B2B}.Debug and Contracts|Any CPU.ActiveCfg = Debug|Any CPU
		{489B3A29-10B8-4A78-977C-8B78BCC21B2B}.Debug and Contracts|Any CPU.Build.0 = Debug|Any CPU
		{489B3A29-10B8-4A78-977C-8B78BCC21B2B}.Debug|Any CPU.ActiveCfg = Debug|Any CPU
		{489B3A29-10B8-4A78-977C-8B78BCC21B2B}.Debug|Any CPU.Build.0 = Debug|Any CPU
		{489B3A29-10B8-4A78-977C-8B78BCC21B2B}.Release|Any CPU.ActiveCfg = Release|Any CPU
		{489B3A29-10B8-4A78-977C-8B78BCC21B2B}.Release|Any CPU.Build.0 = Release|Any CPU
		{995A2FD2-4F0B-45B7-A98D-971924B8F128}.Analysis (Debug)|Any CPU.ActiveCfg = Debug|Any CPU
		{995A2FD2-4F0B-45B7-A98D-971924B8F128}.Analysis (Debug)|Any CPU.Build.0 = Debug|Any CPU
		{995A2FD2-4F0B-45B7-A98D-971924B8F128}.Debug and Contracts|Any CPU.ActiveCfg = Debug|Any CPU
		{995A2FD2-4F0B-45B7-A98D-971924B8F128}.Debug and Contracts|Any CPU.Build.0 = Debug|Any CPU
		{995A2FD2-4F0B-45B7-A98D-971924B8F128}.Debug|Any CPU.ActiveCfg = Debug|Any CPU
		{995A2FD2-4F0B-45B7-A98D-971924B8F128}.Debug|Any CPU.Build.0 = Debug|Any CPU
		{995A2FD2-4F0B-45B7-A98D-971924B8F128}.Release|Any CPU.ActiveCfg = Release|Any CPU
		{995A2FD2-4F0B-45B7-A98D-971924B8F128}.Release|Any CPU.Build.0 = Release|Any CPU
		{9FE3A083-8EED-43A9-A234-3A28ECEEBE16}.Analysis (Debug)|Any CPU.ActiveCfg = Debug|Any CPU
		{9FE3A083-8EED-43A9-A234-3A28ECEEBE16}.Analysis (Debug)|Any CPU.Build.0 = Debug|Any CPU
		{9FE3A083-8EED-43A9-A234-3A28ECEEBE16}.Debug and Contracts|Any CPU.ActiveCfg = Debug|Any CPU
		{9FE3A083-8EED-43A9-A234-3A28ECEEBE16}.Debug and Contracts|Any CPU.Build.0 = Debug|Any CPU
		{9FE3A083-8EED-43A9-A234-3A28ECEEBE16}.Debug|Any CPU.ActiveCfg = Debug|Any CPU
		{9FE3A083-8EED-43A9-A234-3A28ECEEBE16}.Debug|Any CPU.Build.0 = Debug|Any CPU
		{9FE3A083-8EED-43A9-A234-3A28ECEEBE16}.Release|Any CPU.ActiveCfg = Release|Any CPU
		{9FE3A083-8EED-43A9-A234-3A28ECEEBE16}.Release|Any CPU.Build.0 = Release|Any CPU
		{DC7BAC51-E892-43EB-A29B-8B1BF9AE0AAE}.Analysis (Debug)|Any CPU.ActiveCfg = Debug|Any CPU
		{DC7BAC51-E892-43EB-A29B-8B1BF9AE0AAE}.Analysis (Debug)|Any CPU.Build.0 = Debug|Any CPU
		{DC7BAC51-E892-43EB-A29B-8B1BF9AE0AAE}.Debug and Contracts|Any CPU.ActiveCfg = Debug|Any CPU
		{DC7BAC51-E892-43EB-A29B-8B1BF9AE0AAE}.Debug and Contracts|Any CPU.Build.0 = Debug|Any CPU
		{DC7BAC51-E892-43EB-A29B-8B1BF9AE0AAE}.Debug|Any CPU.ActiveCfg = Debug|Any CPU
		{DC7BAC51-E892-43EB-A29B-8B1BF9AE0AAE}.Debug|Any CPU.Build.0 = Debug|Any CPU
		{DC7BAC51-E892-43EB-A29B-8B1BF9AE0AAE}.Release|Any CPU.ActiveCfg = Release|Any CPU
		{DC7BAC51-E892-43EB-A29B-8B1BF9AE0AAE}.Release|Any CPU.Build.0 = Release|Any CPU
		{39E149C2-0DE8-4E53-B0C3-A48CCE826584}.Analysis (Debug)|Any CPU.ActiveCfg = Debug|Any CPU
		{39E149C2-0DE8-4E53-B0C3-A48CCE826584}.Analysis (Debug)|Any CPU.Build.0 = Debug|Any CPU
		{39E149C2-0DE8-4E53-B0C3-A48CCE826584}.Debug and Contracts|Any CPU.ActiveCfg = Debug|Any CPU
		{39E149C2-0DE8-4E53-B0C3-A48CCE826584}.Debug and Contracts|Any CPU.Build.0 = Debug|Any CPU
		{39E149C2-0DE8-4E53-B0C3-A48CCE826584}.Debug|Any CPU.ActiveCfg = Debug|Any CPU
		{39E149C2-0DE8-4E53-B0C3-A48CCE826584}.Debug|Any CPU.Build.0 = Debug|Any CPU
		{39E149C2-0DE8-4E53-B0C3-A48CCE826584}.Release|Any CPU.ActiveCfg = Release|Any CPU
		{39E149C2-0DE8-4E53-B0C3-A48CCE826584}.Release|Any CPU.Build.0 = Release|Any CPU
		{5A675CBB-2774-4FDE-A8C6-40AA46F4FA3F}.Analysis (Debug)|Any CPU.ActiveCfg = Debug|Any CPU
		{5A675CBB-2774-4FDE-A8C6-40AA46F4FA3F}.Analysis (Debug)|Any CPU.Build.0 = Debug|Any CPU
		{5A675CBB-2774-4FDE-A8C6-40AA46F4FA3F}.Debug and Contracts|Any CPU.ActiveCfg = Debug|Any CPU
		{5A675CBB-2774-4FDE-A8C6-40AA46F4FA3F}.Debug and Contracts|Any CPU.Build.0 = Debug|Any CPU
		{5A675CBB-2774-4FDE-A8C6-40AA46F4FA3F}.Debug|Any CPU.ActiveCfg = Debug|Any CPU
		{5A675CBB-2774-4FDE-A8C6-40AA46F4FA3F}.Debug|Any CPU.Build.0 = Debug|Any CPU
		{5A675CBB-2774-4FDE-A8C6-40AA46F4FA3F}.Release|Any CPU.ActiveCfg = Release|Any CPU
		{5A675CBB-2774-4FDE-A8C6-40AA46F4FA3F}.Release|Any CPU.Build.0 = Release|Any CPU
		{D304C7F3-B619-4BA8-AF79-A6C77C6BE97C}.Analysis (Debug)|Any CPU.ActiveCfg = Debug|Any CPU
		{D304C7F3-B619-4BA8-AF79-A6C77C6BE97C}.Analysis (Debug)|Any CPU.Build.0 = Debug|Any CPU
		{D304C7F3-B619-4BA8-AF79-A6C77C6BE97C}.Debug and Contracts|Any CPU.ActiveCfg = Debug|Any CPU
		{D304C7F3-B619-4BA8-AF79-A6C77C6BE97C}.Debug and Contracts|Any CPU.Build.0 = Debug|Any CPU
		{D304C7F3-B619-4BA8-AF79-A6C77C6BE97C}.Debug|Any CPU.ActiveCfg = Debug|Any CPU
		{D304C7F3-B619-4BA8-AF79-A6C77C6BE97C}.Debug|Any CPU.Build.0 = Debug|Any CPU
		{D304C7F3-B619-4BA8-AF79-A6C77C6BE97C}.Release|Any CPU.ActiveCfg = Release|Any CPU
		{D304C7F3-B619-4BA8-AF79-A6C77C6BE97C}.Release|Any CPU.Build.0 = Release|Any CPU
		{FF6F3BE2-F68C-492D-BADA-E0E4C9524D53}.Analysis (Debug)|Any CPU.ActiveCfg = Debug|Any CPU
		{FF6F3BE2-F68C-492D-BADA-E0E4C9524D53}.Analysis (Debug)|Any CPU.Build.0 = Debug|Any CPU
		{FF6F3BE2-F68C-492D-BADA-E0E4C9524D53}.Debug and Contracts|Any CPU.ActiveCfg = Debug|Any CPU
		{FF6F3BE2-F68C-492D-BADA-E0E4C9524D53}.Debug and Contracts|Any CPU.Build.0 = Debug|Any CPU
		{FF6F3BE2-F68C-492D-BADA-E0E4C9524D53}.Debug|Any CPU.ActiveCfg = Debug|Any CPU
		{FF6F3BE2-F68C-492D-BADA-E0E4C9524D53}.Debug|Any CPU.Build.0 = Debug|Any CPU
		{FF6F3BE2-F68C-492D-BADA-E0E4C9524D53}.Release|Any CPU.ActiveCfg = Release|Any CPU
		{FF6F3BE2-F68C-492D-BADA-E0E4C9524D53}.Release|Any CPU.Build.0 = Release|Any CPU
		{28230005-EF1C-40FE-B7CF-D0850E920280}.Analysis (Debug)|Any CPU.ActiveCfg = Debug|Any CPU
		{28230005-EF1C-40FE-B7CF-D0850E920280}.Analysis (Debug)|Any CPU.Build.0 = Debug|Any CPU
		{28230005-EF1C-40FE-B7CF-D0850E920280}.Debug and Contracts|Any CPU.ActiveCfg = Debug|Any CPU
		{28230005-EF1C-40FE-B7CF-D0850E920280}.Debug and Contracts|Any CPU.Build.0 = Debug|Any CPU
		{28230005-EF1C-40FE-B7CF-D0850E920280}.Debug|Any CPU.ActiveCfg = Debug|Any CPU
		{28230005-EF1C-40FE-B7CF-D0850E920280}.Debug|Any CPU.Build.0 = Debug|Any CPU
		{28230005-EF1C-40FE-B7CF-D0850E920280}.Release|Any CPU.ActiveCfg = Release|Any CPU
		{28230005-EF1C-40FE-B7CF-D0850E920280}.Release|Any CPU.Build.0 = Release|Any CPU
		{0F447B42-A179-4004-AE84-049698F21146}.Analysis (Debug)|Any CPU.ActiveCfg = Debug|Any CPU
		{0F447B42-A179-4004-AE84-049698F21146}.Analysis (Debug)|Any CPU.Build.0 = Debug|Any CPU
		{0F447B42-A179-4004-AE84-049698F21146}.Debug and Contracts|Any CPU.ActiveCfg = Debug|Any CPU
		{0F447B42-A179-4004-AE84-049698F21146}.Debug and Contracts|Any CPU.Build.0 = Debug|Any CPU
		{0F447B42-A179-4004-AE84-049698F21146}.Debug|Any CPU.ActiveCfg = Debug|Any CPU
		{0F447B42-A179-4004-AE84-049698F21146}.Debug|Any CPU.Build.0 = Debug|Any CPU
		{0F447B42-A179-4004-AE84-049698F21146}.Release|Any CPU.ActiveCfg = Release|Any CPU
		{0F447B42-A179-4004-AE84-049698F21146}.Release|Any CPU.Build.0 = Release|Any CPU
		{D5E0D9F2-0C8F-40E0-BE66-8D33EC1DFC97}.Analysis (Debug)|Any CPU.ActiveCfg = Debug|Any CPU
		{D5E0D9F2-0C8F-40E0-BE66-8D33EC1DFC97}.Analysis (Debug)|Any CPU.Build.0 = Debug|Any CPU
		{D5E0D9F2-0C8F-40E0-BE66-8D33EC1DFC97}.Debug and Contracts|Any CPU.ActiveCfg = Debug|Any CPU
		{D5E0D9F2-0C8F-40E0-BE66-8D33EC1DFC97}.Debug and Contracts|Any CPU.Build.0 = Debug|Any CPU
		{D5E0D9F2-0C8F-40E0-BE66-8D33EC1DFC97}.Debug|Any CPU.ActiveCfg = Debug|Any CPU
		{D5E0D9F2-0C8F-40E0-BE66-8D33EC1DFC97}.Debug|Any CPU.Build.0 = Debug|Any CPU
		{D5E0D9F2-0C8F-40E0-BE66-8D33EC1DFC97}.Release|Any CPU.ActiveCfg = Release|Any CPU
		{D5E0D9F2-0C8F-40E0-BE66-8D33EC1DFC97}.Release|Any CPU.Build.0 = Release|Any CPU
		{AC9A74DF-4AAB-43C8-B0ED-B7602721E545}.Analysis (Debug)|Any CPU.ActiveCfg = Analysis (Debug)|Any CPU
		{AC9A74DF-4AAB-43C8-B0ED-B7602721E545}.Analysis (Debug)|Any CPU.Build.0 = Analysis (Debug)|Any CPU
		{AC9A74DF-4AAB-43C8-B0ED-B7602721E545}.Debug and Contracts|Any CPU.ActiveCfg = Debug and Contracts|Any CPU
		{AC9A74DF-4AAB-43C8-B0ED-B7602721E545}.Debug and Contracts|Any CPU.Build.0 = Debug and Contracts|Any CPU
		{AC9A74DF-4AAB-43C8-B0ED-B7602721E545}.Debug|Any CPU.ActiveCfg = Debug|Any CPU
		{AC9A74DF-4AAB-43C8-B0ED-B7602721E545}.Debug|Any CPU.Build.0 = Debug|Any CPU
		{AC9A74DF-4AAB-43C8-B0ED-B7602721E545}.Release|Any CPU.ActiveCfg = Release|Any CPU
		{AC9A74DF-4AAB-43C8-B0ED-B7602721E545}.Release|Any CPU.Build.0 = Release|Any CPU
		{38CE5C59-909E-4DA6-8E1D-7EEE7312CA9A}.Analysis (Debug)|Any CPU.ActiveCfg = Debug|Any CPU
		{38CE5C59-909E-4DA6-8E1D-7EEE7312CA9A}.Analysis (Debug)|Any CPU.Build.0 = Debug|Any CPU
		{38CE5C59-909E-4DA6-8E1D-7EEE7312CA9A}.Debug and Contracts|Any CPU.ActiveCfg = Debug|Any CPU
		{38CE5C59-909E-4DA6-8E1D-7EEE7312CA9A}.Debug and Contracts|Any CPU.Build.0 = Debug|Any CPU
		{38CE5C59-909E-4DA6-8E1D-7EEE7312CA9A}.Debug|Any CPU.ActiveCfg = Debug|Any CPU
		{38CE5C59-909E-4DA6-8E1D-7EEE7312CA9A}.Debug|Any CPU.Build.0 = Debug|Any CPU
		{38CE5C59-909E-4DA6-8E1D-7EEE7312CA9A}.Release|Any CPU.ActiveCfg = Release|Any CPU
		{38CE5C59-909E-4DA6-8E1D-7EEE7312CA9A}.Release|Any CPU.Build.0 = Release|Any CPU
		{C129C90C-774C-47D7-A19E-57B31C87AE18}.Analysis (Debug)|Any CPU.ActiveCfg = Debug|Any CPU
		{C129C90C-774C-47D7-A19E-57B31C87AE18}.Analysis (Debug)|Any CPU.Build.0 = Debug|Any CPU
		{C129C90C-774C-47D7-A19E-57B31C87AE18}.Debug and Contracts|Any CPU.ActiveCfg = Debug|Any CPU
		{C129C90C-774C-47D7-A19E-57B31C87AE18}.Debug and Contracts|Any CPU.Build.0 = Debug|Any CPU
		{C129C90C-774C-47D7-A19E-57B31C87AE18}.Debug|Any CPU.ActiveCfg = Debug|Any CPU
		{C129C90C-774C-47D7-A19E-57B31C87AE18}.Debug|Any CPU.Build.0 = Debug|Any CPU
		{C129C90C-774C-47D7-A19E-57B31C87AE18}.Release|Any CPU.ActiveCfg = Release|Any CPU
		{C129C90C-774C-47D7-A19E-57B31C87AE18}.Release|Any CPU.Build.0 = Release|Any CPU
		{1E5971A8-1083-4FA4-A7F8-C64AF6DA4196}.Analysis (Debug)|Any CPU.ActiveCfg = Debug|Any CPU
		{1E5971A8-1083-4FA4-A7F8-C64AF6DA4196}.Analysis (Debug)|Any CPU.Build.0 = Debug|Any CPU
		{1E5971A8-1083-4FA4-A7F8-C64AF6DA4196}.Debug and Contracts|Any CPU.ActiveCfg = Debug|Any CPU
		{1E5971A8-1083-4FA4-A7F8-C64AF6DA4196}.Debug and Contracts|Any CPU.Build.0 = Debug|Any CPU
		{1E5971A8-1083-4FA4-A7F8-C64AF6DA4196}.Debug|Any CPU.ActiveCfg = Debug|Any CPU
		{1E5971A8-1083-4FA4-A7F8-C64AF6DA4196}.Debug|Any CPU.Build.0 = Debug|Any CPU
		{1E5971A8-1083-4FA4-A7F8-C64AF6DA4196}.Release|Any CPU.ActiveCfg = Release|Any CPU
		{1E5971A8-1083-4FA4-A7F8-C64AF6DA4196}.Release|Any CPU.Build.0 = Release|Any CPU
		{DACBE331-C6CF-42A7-BB51-3826AA832D83}.Analysis (Debug)|Any CPU.ActiveCfg = Debug|Any CPU
		{DACBE331-C6CF-42A7-BB51-3826AA832D83}.Analysis (Debug)|Any CPU.Build.0 = Debug|Any CPU
		{DACBE331-C6CF-42A7-BB51-3826AA832D83}.Debug and Contracts|Any CPU.ActiveCfg = Debug|Any CPU
		{DACBE331-C6CF-42A7-BB51-3826AA832D83}.Debug and Contracts|Any CPU.Build.0 = Debug|Any CPU
		{DACBE331-C6CF-42A7-BB51-3826AA832D83}.Debug|Any CPU.ActiveCfg = Debug|Any CPU
		{DACBE331-C6CF-42A7-BB51-3826AA832D83}.Debug|Any CPU.Build.0 = Debug|Any CPU
		{DACBE331-C6CF-42A7-BB51-3826AA832D83}.Release|Any CPU.ActiveCfg = Release|Any CPU
		{DACBE331-C6CF-42A7-BB51-3826AA832D83}.Release|Any CPU.Build.0 = Release|Any CPU
		{90761585-4755-4E44-B9D2-739ADA889311}.Analysis (Debug)|Any CPU.ActiveCfg = Debug|Any CPU
		{90761585-4755-4E44-B9D2-739ADA889311}.Analysis (Debug)|Any CPU.Build.0 = Debug|Any CPU
		{90761585-4755-4E44-B9D2-739ADA889311}.Debug and Contracts|Any CPU.ActiveCfg = Debug|Any CPU
		{90761585-4755-4E44-B9D2-739ADA889311}.Debug and Contracts|Any CPU.Build.0 = Debug|Any CPU
		{90761585-4755-4E44-B9D2-739ADA889311}.Debug|Any CPU.ActiveCfg = Debug|Any CPU
		{90761585-4755-4E44-B9D2-739ADA889311}.Debug|Any CPU.Build.0 = Debug|Any CPU
		{90761585-4755-4E44-B9D2-739ADA889311}.Release|Any CPU.ActiveCfg = Release|Any CPU
		{90761585-4755-4E44-B9D2-739ADA889311}.Release|Any CPU.Build.0 = Release|Any CPU
		{15B3E0D2-6217-493A-A690-158C497F5318}.Analysis (Debug)|Any CPU.ActiveCfg = Debug|Any CPU
		{15B3E0D2-6217-493A-A690-158C497F5318}.Analysis (Debug)|Any CPU.Build.0 = Debug|Any CPU
		{15B3E0D2-6217-493A-A690-158C497F5318}.Debug and Contracts|Any CPU.ActiveCfg = Debug|Any CPU
		{15B3E0D2-6217-493A-A690-158C497F5318}.Debug and Contracts|Any CPU.Build.0 = Debug|Any CPU
		{15B3E0D2-6217-493A-A690-158C497F5318}.Debug|Any CPU.ActiveCfg = Debug|Any CPU
		{15B3E0D2-6217-493A-A690-158C497F5318}.Debug|Any CPU.Build.0 = Debug|Any CPU
		{15B3E0D2-6217-493A-A690-158C497F5318}.Release|Any CPU.ActiveCfg = Release|Any CPU
		{15B3E0D2-6217-493A-A690-158C497F5318}.Release|Any CPU.Build.0 = Release|Any CPU
	EndGlobalSection
	GlobalSection(SolutionProperties) = preSolution
		HideSolutionNode = FALSE
	EndGlobalSection
	GlobalSection(NestedProjects) = preSolution
		{995A2FD2-4F0B-45B7-A98D-971924B8F128} = {2A35A32C-88CC-4F41-9D70-691F0BB1B1C0}
		{5A675CBB-2774-4FDE-A8C6-40AA46F4FA3F} = {2A35A32C-88CC-4F41-9D70-691F0BB1B1C0}
		{D304C7F3-B619-4BA8-AF79-A6C77C6BE97C} = {2A35A32C-88CC-4F41-9D70-691F0BB1B1C0}
		{FF6F3BE2-F68C-492D-BADA-E0E4C9524D53} = {2A35A32C-88CC-4F41-9D70-691F0BB1B1C0}
		{28230005-EF1C-40FE-B7CF-D0850E920280} = {2A35A32C-88CC-4F41-9D70-691F0BB1B1C0}
		{D5E0D9F2-0C8F-40E0-BE66-8D33EC1DFC97} = {2A35A32C-88CC-4F41-9D70-691F0BB1B1C0}
		{1E5971A8-1083-4FA4-A7F8-C64AF6DA4196} = {2A35A32C-88CC-4F41-9D70-691F0BB1B1C0}
		{DACBE331-C6CF-42A7-BB51-3826AA832D83} = {2A35A32C-88CC-4F41-9D70-691F0BB1B1C0}
		{15B3E0D2-6217-493A-A690-158C497F5318} = {2A35A32C-88CC-4F41-9D70-691F0BB1B1C0}
		{39E149C2-0DE8-4E53-B0C3-A48CCE826584} = {3B38B188-9D94-4E91-BBD2-C5DFACB9B319}
		{AC9A74DF-4AAB-43C8-B0ED-B7602721E545} = {3B38B188-9D94-4E91-BBD2-C5DFACB9B319}
		{38CE5C59-909E-4DA6-8E1D-7EEE7312CA9A} = {3B38B188-9D94-4E91-BBD2-C5DFACB9B319}
		{C129C90C-774C-47D7-A19E-57B31C87AE18} = {3B38B188-9D94-4E91-BBD2-C5DFACB9B319}
		{0F447B42-A179-4004-AE84-049698F21146} = {D7F7EF57-5EBB-4842-A320-BEE7AE631B9C}
	EndGlobalSection
	GlobalSection(ExtensibilityGlobals) = postSolution
		EnterpriseLibraryConfigurationToolBinariesPath = packages\Unity.2.1.505.2\lib\NET35
	EndGlobalSection
EndGlobal
